{
  "lockfile_version": "1",
  "packages": {
    "bash-completion@latest": {
      "last_modified": "2024-12-23T21:10:33Z",
      "resolved": "github:NixOS/nixpkgs/de1864217bfa9b5845f465e771e0ecb48b30e02d#bash-completion",
      "source": "devbox-search",
      "version": "2.15.0",
      "systems": {
        "aarch64-darwin": {
          "outputs": [
            {
              "name": "out",
              "path": "/nix/store/qjvrj4xdx7xc3xfdfv7kys8zzsq5gxls-bash-completion-2.15.0",
              "default": true
            }
          ],
          "store_path": "/nix/store/qjvrj4xdx7xc3xfdfv7kys8zzsq5gxls-bash-completion-2.15.0"
        },
        "aarch64-linux": {
          "outputs": [
            {
              "name": "out",
              "path": "/nix/store/8iaa73skcqpblijfdqyd1qnr4sv9sdml-bash-completion-2.15.0",
              "default": true
            }
          ],
          "store_path": "/nix/store/8iaa73skcqpblijfdqyd1qnr4sv9sdml-bash-completion-2.15.0"
        },
        "x86_64-darwin": {
          "outputs": [
            {
              "name": "out",
              "path": "/nix/store/4bqkj72svxn46w2w4456r5q47cjdxajk-bash-completion-2.15.0",
              "default": true
            }
          ],
          "store_path": "/nix/store/4bqkj72svxn46w2w4456r5q47cjdxajk-bash-completion-2.15.0"
        },
        "x86_64-linux": {
          "outputs": [
            {
              "name": "out",
              "path": "/nix/store/jci43piznjvglwnvnsv61a3a9zkxvjn0-bash-completion-2.15.0",
              "default": true
            }
          ],
          "store_path": "/nix/store/jci43piznjvglwnvnsv61a3a9zkxvjn0-bash-completion-2.15.0"
        }
      }
    },
    "bash@latest": {
      "last_modified": "2025-01-15T12:23:19Z",
      "resolved": "github:NixOS/nixpkgs/ae2fb9f1fb5fcf17fb59f25c2a881c170c501d6f#bash",
      "source": "devbox-search",
      "version": "5.2p37",
      "systems": {
        "aarch64-darwin": {
          "outputs": [
            {
              "name": "out",
              "path": "/nix/store/5wjj1f3pa1ndi3kvskm1fcs9kdy2xajf-bash-5.2p37",
              "default": true
            },
            {
              "name": "man",
              "path": "/nix/store/02f2xgcp3xvm1xl23zqyzz6kbr9hw4zb-bash-5.2p37-man",
              "default": true
            },
            {
              "name": "dev",
              "path": "/nix/store/hz6iqqfg2zj8488xxyp4vx36cvjvigcv-bash-5.2p37-dev"
            },
            {
              "name": "doc",
              "path": "/nix/store/4783cwpn30hddfrdy2jrqbyb1qsik5v3-bash-5.2p37-doc"
            },
            {
              "name": "info",
              "path": "/nix/store/bhbiplxw2hszsdly4ljybccfak58s2l6-bash-5.2p37-info"
            }
          ],
          "store_path": "/nix/store/5wjj1f3pa1ndi3kvskm1fcs9kdy2xajf-bash-5.2p37"
        },
        "aarch64-linux": {
          "outputs": [
            {
              "name": "out",
              "path": "/nix/store/rm5cm7wk2a6y17gz52ymh39d5fzai2lv-bash-5.2p37",
              "default": true
            },
            {
              "name": "man",
              "path": "/nix/store/0s33h3qf4x6s2yx8vjx280m4vj1c7isp-bash-5.2p37-man",
              "default": true
            },
            {
              "name": "info",
              "path": "/nix/store/qmzrafxsijkp8rivqc0pi69fksw4wxcm-bash-5.2p37-info"
            },
            {
              "name": "debug",
              "path": "/nix/store/029jvd1qn5cchfhjh25jyjwp0x5597pq-bash-5.2p37-debug"
            },
            {
              "name": "dev",
              "path": "/nix/store/h7whsfan3qbmb0yaz318w297iaznz9w2-bash-5.2p37-dev"
            },
            {
              "name": "doc",
              "path": "/nix/store/5i9vinx3r7ba5shg3dvi5pc60ri4099r-bash-5.2p37-doc"
            }
          ],
          "store_path": "/nix/store/rm5cm7wk2a6y17gz52ymh39d5fzai2lv-bash-5.2p37"
        },
        "x86_64-darwin": {
          "outputs": [
            {
              "name": "out",
              "path": "/nix/store/45a4hms3bsmk23bzn0g0qfn663izq3f8-bash-5.2p37",
              "default": true
            },
            {
              "name": "man",
              "path": "/nix/store/2w297858r80m5bpw86yxb9pv765s6w8w-bash-5.2p37-man",
              "default": true
            },
            {
              "name": "dev",
              "path": "/nix/store/hq1p3cgs4665m0s3cwsxmr9blah25vzv-bash-5.2p37-dev"
            },
            {
              "name": "doc",
              "path": "/nix/store/lrmw19jn9gic9zrnzcqdn8wqjdqqkqpi-bash-5.2p37-doc"
            },
            {
              "name": "info",
              "path": "/nix/store/91y838wc099j7f4w4h5r93xy5rwrv0yf-bash-5.2p37-info"
            }
          ],
          "store_path": "/nix/store/45a4hms3bsmk23bzn0g0qfn663izq3f8-bash-5.2p37"
        },
        "x86_64-linux": {
          "outputs": [
            {
              "name": "out",
              "path": "/nix/store/5mh7kaj2fyv8mk4sfq1brwxgc02884wi-bash-5.2p37",
              "default": true
            },
            {
              "name": "man",
              "path": "/nix/store/bialkx47yxyj6ar2zyihghip6nyxcwhm-bash-5.2p37-man",
              "default": true
            },
            {
              "name": "info",
              "path": "/nix/store/3p01856bqw0wwal1f11pgv3sbql18a6q-bash-5.2p37-info"
            },
            {
              "name": "debug",
              "path": "/nix/store/vrffhycx3y3gxj60air1ahjgghi5j6wm-bash-5.2p37-debug"
            },
            {
              "name": "dev",
              "path": "/nix/store/984bh5vywwq4bk2rsc8qcxcvhaywqj2k-bash-5.2p37-dev"
            },
            {
              "name": "doc",
              "path": "/nix/store/fd1yw7f93yls3v5m2zzy0lcq3sk11av4-bash-5.2p37-doc"
            }
          ],
          "store_path": "/nix/store/5mh7kaj2fyv8mk4sfq1brwxgc02884wi-bash-5.2p37"
        }
      }
    },
    "git@latest": {
      "last_modified": "2024-12-23T21:10:33Z",
      "resolved": "github:NixOS/nixpkgs/de1864217bfa9b5845f465e771e0ecb48b30e02d#git",
      "source": "devbox-search",
      "version": "2.47.0",
      "systems": {
        "aarch64-darwin": {
          "outputs": [
            {
              "name": "out",
              "path": "/nix/store/bi58hj6aqbswrwngsdzszzdf35vzsl36-git-2.47.0",
              "default": true
            },
            {
              "name": "doc",
              "path": "/nix/store/ilmzpslj8yvf5krdyz7bj08wjf03pxvj-git-2.47.0-doc"
            }
          ],
          "store_path": "/nix/store/bi58hj6aqbswrwngsdzszzdf35vzsl36-git-2.47.0"
        },
        "aarch64-linux": {
          "outputs": [
            {
              "name": "out",
              "path": "/nix/store/861v7354sw64ydk43jwdswwkqkf0dhq2-git-2.47.0",
              "default": true
            },
            {
              "name": "debug",
              "path": "/nix/store/cyfh5sk108g0yhif2ppxw3xyrbz9cc5k-git-2.47.0-debug"
            },
            {
              "name": "doc",
              "path": "/nix/store/4rj9xhq42v2b7nxf77xlkqbd20jzby0i-git-2.47.0-doc"
            }
          ],
          "store_path": "/nix/store/861v7354sw64ydk43jwdswwkqkf0dhq2-git-2.47.0"
        },
        "x86_64-darwin": {
          "outputs": [
            {
              "name": "out",
              "path": "/nix/store/v283088hdcppiswvqslgfspxwnq4ldz3-git-2.47.0",
              "default": true
            },
            {
              "name": "doc",
              "path": "/nix/store/i5rw1f8xv1sp13lcsxq0bkswn600lcmx-git-2.47.0-doc"
            }
          ],
          "store_path": "/nix/store/v283088hdcppiswvqslgfspxwnq4ldz3-git-2.47.0"
        },
        "x86_64-linux": {
          "outputs": [
            {
              "name": "out",
              "path": "/nix/store/iwq58rpn6idjnxbnyjh351776qzvsd0r-git-2.47.0",
              "default": true
            },
            {
              "name": "debug",
              "path": "/nix/store/1s38v03xh8d88b1wm8iwpkrpy6cf3ydq-git-2.47.0-debug"
            },
            {
              "name": "doc",
              "path": "/nix/store/kn855hkv6yda9wi7g48lxwgplijqijb9-git-2.47.0-doc"
            }
          ],
          "store_path": "/nix/store/iwq58rpn6idjnxbnyjh351776qzvsd0r-git-2.47.0"
        }
      }
    },
    "github:NixOS/nixpkgs/nixpkgs-unstable": {
      "resolved": "github:NixOS/nixpkgs/632f04521e847173c54fa72973ec6c39a371211c?lastModified=1739863612&narHash=sha256-UbtgxplOhFcyjBcNbTVO8%2BHUHAl%2FWXFDOb6LvqShiZo%3D"
    },
    "go-task@3.38.0": {
      "last_modified": "2024-09-10T15:01:03Z",
      "resolved": "github:NixOS/nixpkgs/5ed627539ac84809c78b2dd6d26a5cebeb5ae269#go-task",
      "source": "devbox-search",
      "version": "3.38.0",
      "systems": {
        "aarch64-darwin": {
          "outputs": [
            {
              "name": "out",
              "path": "/nix/store/6fnjga1f6y9yw0xfa7bqq48mk4wnwj60-go-task-3.38.0",
              "default": true
            }
          ],
          "store_path": "/nix/store/6fnjga1f6y9yw0xfa7bqq48mk4wnwj60-go-task-3.38.0"
        },
        "aarch64-linux": {
          "outputs": [
            {
              "name": "out",
              "path": "/nix/store/y00rivpjziw0zpzacdxjmrs5i28d7grf-go-task-3.38.0",
              "default": true
            }
          ],
          "store_path": "/nix/store/y00rivpjziw0zpzacdxjmrs5i28d7grf-go-task-3.38.0"
        },
        "x86_64-darwin": {
          "outputs": [
            {
              "name": "out",
              "path": "/nix/store/kc0zm9kgsraznqyns5jqv0dixfgk6fm7-go-task-3.38.0",
              "default": true
            }
          ],
          "store_path": "/nix/store/kc0zm9kgsraznqyns5jqv0dixfgk6fm7-go-task-3.38.0"
        },
        "x86_64-linux": {
          "outputs": [
            {
              "name": "out",
              "path": "/nix/store/6fya93gcf8sla6npxp99rnbvyj6pmnr5-go-task-3.38.0",
              "default": true
            }
          ],
          "store_path": "/nix/store/6fya93gcf8sla6npxp99rnbvyj6pmnr5-go-task-3.38.0"
        }
      }
    },
    "killport@latest": {
      "last_modified": "2025-02-07T11:26:36Z",
      "resolved": "github:NixOS/nixpkgs/d98abf5cf5914e5e4e9d57205e3af55ca90ffc1d#killport",
      "source": "devbox-search",
      "version": "0.9.2",
      "systems": {
        "aarch64-darwin": {
          "outputs": [
            {
              "name": "out",
              "path": "/nix/store/wcc9x5np05nlxm3j2pykj1mvf83f599y-killport-0.9.2",
              "default": true
            }
          ],
          "store_path": "/nix/store/wcc9x5np05nlxm3j2pykj1mvf83f599y-killport-0.9.2"
        },
        "aarch64-linux": {
          "outputs": [
            {
              "name": "out",
              "path": "/nix/store/4cmlchcpi6k1dgx77asl1476czn9xjv6-killport-0.9.2",
              "default": true
            }
          ],
          "store_path": "/nix/store/4cmlchcpi6k1dgx77asl1476czn9xjv6-killport-0.9.2"
        },
        "x86_64-darwin": {
          "outputs": [
            {
              "name": "out",
              "path": "/nix/store/4bv0r6x140pyibillpynnial4l6mk24v-killport-0.9.2",
              "default": true
            }
          ],
          "store_path": "/nix/store/4bv0r6x140pyibillpynnial4l6mk24v-killport-0.9.2"
        },
        "x86_64-linux": {
          "outputs": [
            {
              "name": "out",
              "path": "/nix/store/xndhzyg9i69dwx4nvwxnm6p1p63811r7-killport-0.9.2",
              "default": true
            }
          ],
          "store_path": "/nix/store/xndhzyg9i69dwx4nvwxnm6p1p63811r7-killport-0.9.2"
        }
      }
    },
    "neovim@latest": {
      "last_modified": "2024-12-30T01:48:12Z",
      "resolved": "github:NixOS/nixpkgs/6d97d419e5a9b36e6293887a89a078cf85f5a61b#neovim",
      "source": "devbox-search",
      "version": "0.10.3",
      "systems": {
        "aarch64-darwin": {
          "outputs": [
            {
              "name": "out",
              "path": "/nix/store/l1qg9fvn9h1jha5i77cg76s2ldl99q53-neovim-0.10.3",
              "default": true
            }
          ],
          "store_path": "/nix/store/l1qg9fvn9h1jha5i77cg76s2ldl99q53-neovim-0.10.3"
        },
        "aarch64-linux": {
          "outputs": [
            {
              "name": "out",
              "path": "/nix/store/4jsvhlj0519bsflh7h61qibr80hdhrwl-neovim-0.10.3",
              "default": true
            }
          ],
          "store_path": "/nix/store/4jsvhlj0519bsflh7h61qibr80hdhrwl-neovim-0.10.3"
        },
        "x86_64-darwin": {
          "outputs": [
            {
              "name": "out",
              "path": "/nix/store/c6v163rc7frrzaacq5im0wrjj9yg6hh0-neovim-0.10.3",
              "default": true
            }
          ],
          "store_path": "/nix/store/c6v163rc7frrzaacq5im0wrjj9yg6hh0-neovim-0.10.3"
        },
        "x86_64-linux": {
          "outputs": [
            {
              "name": "out",
              "path": "/nix/store/0p4jixf4vckf84vl1v892a2zkl8dgpxr-neovim-0.10.3",
              "default": true
            }
          ],
          "store_path": "/nix/store/0p4jixf4vckf84vl1v892a2zkl8dgpxr-neovim-0.10.3"
        }
      }
    },
    "nodejs@20": {
      "last_modified": "2024-12-23T21:10:33Z",
      "plugin_version": "0.0.2",
      "resolved": "github:NixOS/nixpkgs/de1864217bfa9b5845f465e771e0ecb48b30e02d#nodejs_20",
      "source": "devbox-search",
      "version": "20.18.1",
      "systems": {
        "aarch64-darwin": {
          "outputs": [
            {
              "name": "out",
              "path": "/nix/store/q49zbi0pzjhg4zn085h9hyz9m1k3hvpb-nodejs-20.18.1",
              "default": true
            },
            {
              "name": "libv8",
              "path": "/nix/store/l08rljd2yr7i1q4x778qazcys2l4ja23-nodejs-20.18.1-libv8"
            }
          ],
          "store_path": "/nix/store/q49zbi0pzjhg4zn085h9hyz9m1k3hvpb-nodejs-20.18.1"
        },
        "aarch64-linux": {
          "outputs": [
            {
              "name": "out",
              "path": "/nix/store/4m1ql1hsd6kqmzr8a657qhipjgssrr0c-nodejs-20.18.1",
              "default": true
            },
            {
              "name": "libv8",
              "path": "/nix/store/r8s1xalb4rpy1r44i413j84i4ny6mnsc-nodejs-20.18.1-libv8"
            }
          ],
          "store_path": "/nix/store/4m1ql1hsd6kqmzr8a657qhipjgssrr0c-nodejs-20.18.1"
        },
        "x86_64-darwin": {
          "outputs": [
            {
              "name": "out",
              "path": "/nix/store/7ky0mn6k33731jwzhsxq6a6dsbjqamqs-nodejs-20.18.1",
              "default": true
            },
            {
              "name": "libv8",
              "path": "/nix/store/jw62k3wxl38r8fcbvxaxrm696ivv3imr-nodejs-20.18.1-libv8"
            }
          ],
          "store_path": "/nix/store/7ky0mn6k33731jwzhsxq6a6dsbjqamqs-nodejs-20.18.1"
        },
        "x86_64-linux": {
          "outputs": [
            {
              "name": "out",
              "path": "/nix/store/j7dx1n6m5axf9r2bvly580x2ixx546wq-nodejs-20.18.1",
              "default": true
            },
            {
              "name": "libv8",
              "path": "/nix/store/qljmc2skrldj0g94rib6nl4jq84193fa-nodejs-20.18.1-libv8"
            }
          ],
          "store_path": "/nix/store/j7dx1n6m5axf9r2bvly580x2ixx546wq-nodejs-20.18.1"
        }
      }
    },
    "tailwindcss@latest": {
      "last_modified": "2024-12-23T21:10:33Z",
      "resolved": "github:NixOS/nixpkgs/de1864217bfa9b5845f465e771e0ecb48b30e02d#tailwindcss",
      "source": "devbox-search",
      "version": "3.4.17",
      "systems": {
        "aarch64-darwin": {
          "outputs": [
            {
              "name": "out",
              "path": "/nix/store/w1r716hcfgp3cab4va4r013x23vgswfa-tailwindcss-3.4.17",
              "default": true
            }
          ],
          "store_path": "/nix/store/w1r716hcfgp3cab4va4r013x23vgswfa-tailwindcss-3.4.17"
        },
        "aarch64-linux": {
          "outputs": [
            {
              "name": "out",
              "path": "/nix/store/0b1lg4nm8bjbrxzls2q5ak68qshb34b2-tailwindcss-3.4.17",
              "default": true
            }
          ],
          "store_path": "/nix/store/0b1lg4nm8bjbrxzls2q5ak68qshb34b2-tailwindcss-3.4.17"
        },
        "x86_64-darwin": {
          "outputs": [
            {
              "name": "out",
              "path": "/nix/store/qw2h8mgssvayi086cscr0np96pwdj76v-tailwindcss-3.4.17",
              "default": true
            }
          ],
          "store_path": "/nix/store/qw2h8mgssvayi086cscr0np96pwdj76v-tailwindcss-3.4.17"
        },
        "x86_64-linux": {
          "outputs": [
            {
              "name": "out",
              "path": "/nix/store/8cadkxsxz095xfv8jqf9xkz4ja6kkp89-tailwindcss-3.4.17",
              "default": true
            }
          ],
          "store_path": "/nix/store/8cadkxsxz095xfv8jqf9xkz4ja6kkp89-tailwindcss-3.4.17"
        }
      }
    }
  }
}
