{
  "lockfile_version": "1",
  "packages": {
    "act@latest": {
      "last_modified": "2025-06-20T02:24:11Z",
      "resolved": "github:NixOS/nixpkgs/076e8c6678d8c54204abcb4b1b14c366835a58bb#act",
      "source": "devbox-search",
      "version": "0.2.78",
      "systems": {
        "aarch64-darwin": {
          "outputs": [
            {
              "name": "out",
              "path": "/nix/store/jlz3nqprbvmmc6ifr8j5lr9fcqyj88gv-act-0.2.78",
              "default": true
            }
          ],
          "store_path": "/nix/store/jlz3nqprbvmmc6ifr8j5lr9fcqyj88gv-act-0.2.78"
        },
        "aarch64-linux": {
          "outputs": [
            {
              "name": "out",
              "path": "/nix/store/sxg204d6wcc9r3psmvhcwqfg73ncpwsa-act-0.2.78",
              "default": true
            }
          ],
          "store_path": "/nix/store/sxg204d6wcc9r3psmvhcwqfg73ncpwsa-act-0.2.78"
        },
        "x86_64-darwin": {
          "outputs": [
            {
              "name": "out",
              "path": "/nix/store/x79clwclnzmaxbfp1lbvm9ikrmrvwk1r-act-0.2.78",
              "default": true
            }
          ],
          "store_path": "/nix/store/x79clwclnzmaxbfp1lbvm9ikrmrvwk1r-act-0.2.78"
        },
        "x86_64-linux": {
          "outputs": [
            {
              "name": "out",
              "path": "/nix/store/a836y05xkna2cqwjd2y00gvcv0p1c0kh-act-0.2.78",
              "default": true
            }
          ],
          "store_path": "/nix/store/a836y05xkna2cqwjd2y00gvcv0p1c0kh-act-0.2.78"
        }
      }
    },
    "claude-code@latest": {
      "last_modified": "2025-06-25T00:36:27Z",
      "resolved": "github:NixOS/nixpkgs/992f916556fcfaa94451ebc7fc6e396134bbf5b1#claude-code",
      "source": "devbox-search",
      "version": "1.0.33",
      "systems": {
        "aarch64-darwin": {
          "outputs": [
            {
              "name": "out",
              "path": "/nix/store/hz164bhkq7pljb5zp8wa8xa6s449hf71-claude-code-1.0.33",
              "default": true
            }
          ],
          "store_path": "/nix/store/hz164bhkq7pljb5zp8wa8xa6s449hf71-claude-code-1.0.33"
        },
        "aarch64-linux": {
          "outputs": [
            {
              "name": "out",
              "path": "/nix/store/fmvkhcmgv7fdfpsng447mp9yg6zfa46r-claude-code-1.0.33",
              "default": true
            }
          ],
          "store_path": "/nix/store/fmvkhcmgv7fdfpsng447mp9yg6zfa46r-claude-code-1.0.33"
        },
        "x86_64-darwin": {
          "outputs": [
            {
              "name": "out",
              "path": "/nix/store/p7vlcplm09ds4z2fcls6zxpiqhhyr0b5-claude-code-1.0.33",
              "default": true
            }
          ],
          "store_path": "/nix/store/p7vlcplm09ds4z2fcls6zxpiqhhyr0b5-claude-code-1.0.33"
        },
        "x86_64-linux": {
          "outputs": [
            {
              "name": "out",
              "path": "/nix/store/rajj3n94b556jnxpg1ps3b17rrfmw01v-claude-code-1.0.33",
              "default": true
            }
          ],
          "store_path": "/nix/store/rajj3n94b556jnxpg1ps3b17rrfmw01v-claude-code-1.0.33"
        }
      }
    },
    "fd@latest": {
      "last_modified": "2025-06-20T02:24:11Z",
      "resolved": "github:NixOS/nixpkgs/076e8c6678d8c54204abcb4b1b14c366835a58bb#fd",
      "source": "devbox-search",
      "version": "10.2.0",
      "systems": {
        "aarch64-darwin": {
          "outputs": [
            {
              "name": "out",
              "path": "/nix/store/4f5fr1i9a2x0wghnjf6sf34lpqd1ncml-fd-10.2.0",
              "default": true
            }
          ],
          "store_path": "/nix/store/4f5fr1i9a2x0wghnjf6sf34lpqd1ncml-fd-10.2.0"
        },
        "aarch64-linux": {
          "outputs": [
            {
              "name": "out",
              "path": "/nix/store/yhs12pjix99qyg55k685rmyk6xkm2zl0-fd-10.2.0",
              "default": true
            }
          ],
          "store_path": "/nix/store/yhs12pjix99qyg55k685rmyk6xkm2zl0-fd-10.2.0"
        },
        "x86_64-darwin": {
          "outputs": [
            {
              "name": "out",
              "path": "/nix/store/mfnnj4ly1z4qfbniz3qb3xaimihzigvd-fd-10.2.0",
              "default": true
            }
          ],
          "store_path": "/nix/store/mfnnj4ly1z4qfbniz3qb3xaimihzigvd-fd-10.2.0"
        },
        "x86_64-linux": {
          "outputs": [
            {
              "name": "out",
              "path": "/nix/store/ycj9xykql7ac2nyxsrqvphkdfjs1play-fd-10.2.0",
              "default": true
            }
          ],
          "store_path": "/nix/store/ycj9xykql7ac2nyxsrqvphkdfjs1play-fd-10.2.0"
        }
      }
    },
    "fzf@latest": {
      "last_modified": "2025-06-20T02:24:11Z",
      "resolved": "github:NixOS/nixpkgs/076e8c6678d8c54204abcb4b1b14c366835a58bb#fzf",
      "source": "devbox-search",
      "version": "0.62.0",
      "systems": {
        "aarch64-darwin": {
          "outputs": [
            {
              "name": "out",
              "path": "/nix/store/80hwwq3k3xhmhvd2my22px2nwi0kng23-fzf-0.62.0",
              "default": true
            },
            {
              "name": "man",
              "path": "/nix/store/zgja9ivz0qwcbnf5cbkh4xc0c3ksxckg-fzf-0.62.0-man",
              "default": true
            }
          ],
          "store_path": "/nix/store/80hwwq3k3xhmhvd2my22px2nwi0kng23-fzf-0.62.0"
        },
        "aarch64-linux": {
          "outputs": [
            {
              "name": "out",
              "path": "/nix/store/aypa8cmvc1akpi743b4w75qzpja1c8qb-fzf-0.62.0",
              "default": true
            },
            {
              "name": "man",
              "path": "/nix/store/flfrgxlcn67xaaqli652snrp6irfzlah-fzf-0.62.0-man",
              "default": true
            }
          ],
          "store_path": "/nix/store/aypa8cmvc1akpi743b4w75qzpja1c8qb-fzf-0.62.0"
        },
        "x86_64-darwin": {
          "outputs": [
            {
              "name": "out",
              "path": "/nix/store/nh9pmscqb9myz16kzj6xpxgjgvq8kjjz-fzf-0.62.0",
              "default": true
            },
            {
              "name": "man",
              "path": "/nix/store/dskv3rchm20263v6swg47ywzhpqryyr2-fzf-0.62.0-man",
              "default": true
            }
          ],
          "store_path": "/nix/store/nh9pmscqb9myz16kzj6xpxgjgvq8kjjz-fzf-0.62.0"
        },
        "x86_64-linux": {
          "outputs": [
            {
              "name": "out",
              "path": "/nix/store/klriyms7qyk3dnzc8mkb3m141zwsp0s4-fzf-0.62.0",
              "default": true
            },
            {
              "name": "man",
              "path": "/nix/store/dy2idl0vbi528qi5vhggz4ygx6430bv3-fzf-0.62.0-man",
              "default": true
            }
          ],
          "store_path": "/nix/store/klriyms7qyk3dnzc8mkb3m141zwsp0s4-fzf-0.62.0"
        }
      }
    },
    "git@latest": {
      "last_modified": "2025-06-20T02:24:11Z",
      "resolved": "github:NixOS/nixpkgs/076e8c6678d8c54204abcb4b1b14c366835a58bb#git",
      "source": "devbox-search",
      "version": "2.49.0",
      "systems": {
        "aarch64-darwin": {
          "outputs": [
            {
              "name": "out",
              "path": "/nix/store/ir2bhb7n3ngh0dg7p6jbhm1wa4d8gkb7-git-2.49.0",
              "default": true
            },
            {
              "name": "doc",
              "path": "/nix/store/f0bi1v08ki7pq6a4rzhjhnp5szj3940k-git-2.49.0-doc"
            }
          ],
          "store_path": "/nix/store/ir2bhb7n3ngh0dg7p6jbhm1wa4d8gkb7-git-2.49.0"
        },
        "aarch64-linux": {
          "outputs": [
            {
              "name": "out",
              "path": "/nix/store/5p8ljxbgnk31zxbz8hvrfkg1qfgiv3qi-git-2.49.0",
              "default": true
            },
            {
              "name": "debug",
              "path": "/nix/store/isw51rw1b78yw6k454m7h402k88n291w-git-2.49.0-debug"
            },
            {
              "name": "doc",
              "path": "/nix/store/hxw5vli42579b8bkxv6nq2p2z4vjvw97-git-2.49.0-doc"
            }
          ],
          "store_path": "/nix/store/5p8ljxbgnk31zxbz8hvrfkg1qfgiv3qi-git-2.49.0"
        },
        "x86_64-darwin": {
          "outputs": [
            {
              "name": "out",
              "path": "/nix/store/72qfjivfnm6kzdfbiavvici8bi3jzrs6-git-2.49.0",
              "default": true
            },
            {
              "name": "doc",
              "path": "/nix/store/900nidzjyaa0950wk104vzgb82h5wspi-git-2.49.0-doc"
            }
          ],
          "store_path": "/nix/store/72qfjivfnm6kzdfbiavvici8bi3jzrs6-git-2.49.0"
        },
        "x86_64-linux": {
          "outputs": [
            {
              "name": "out",
              "path": "/nix/store/rzqvhv48m3nh8g3j4k6jmz6yqy8apr95-git-2.49.0",
              "default": true
            },
            {
              "name": "debug",
              "path": "/nix/store/201xjz2py285323n3y7r30frdwbdnb6q-git-2.49.0-debug"
            },
            {
              "name": "doc",
              "path": "/nix/store/zcjdp82yx46w8yp1inxkkzb3a3k05a0m-git-2.49.0-doc"
            }
          ],
          "store_path": "/nix/store/rzqvhv48m3nh8g3j4k6jmz6yqy8apr95-git-2.49.0"
        }
      }
    },
    "github:NixOS/nixpkgs/nixpkgs-unstable": {
      "last_modified": "2025-07-01T05:58:53Z",
      "resolved": "github:NixOS/nixpkgs/bdfd0f2afcf764e531d0960c821ab070a6174b15?lastModified=1751349533&narHash=sha256-5XRh0mB06%2F7WYDLu9ZXsx1GhyvvNVZDtPyg34sUCLJs%3D"
    },
    "killport@latest": {
      "last_modified": "2025-06-20T02:24:11Z",
      "resolved": "github:NixOS/nixpkgs/076e8c6678d8c54204abcb4b1b14c366835a58bb#killport",
      "source": "devbox-search",
      "version": "1.1.0",
      "systems": {
        "aarch64-darwin": {
          "outputs": [
            {
              "name": "out",
              "path": "/nix/store/5d02ns6as9gi2pqchfghp9ndhhkjhnpq-killport-1.1.0",
              "default": true
            }
          ],
          "store_path": "/nix/store/5d02ns6as9gi2pqchfghp9ndhhkjhnpq-killport-1.1.0"
        },
        "aarch64-linux": {
          "outputs": [
            {
              "name": "out",
              "path": "/nix/store/aazwk7ndc8qm516snlx1r7xpw8qzh3yh-killport-1.1.0",
              "default": true
            }
          ],
          "store_path": "/nix/store/aazwk7ndc8qm516snlx1r7xpw8qzh3yh-killport-1.1.0"
        },
        "x86_64-darwin": {
          "outputs": [
            {
              "name": "out",
              "path": "/nix/store/ggdmahsihhz0fhnbh98174xlf2pdc0c7-killport-1.1.0",
              "default": true
            }
          ],
          "store_path": "/nix/store/ggdmahsihhz0fhnbh98174xlf2pdc0c7-killport-1.1.0"
        },
        "x86_64-linux": {
          "outputs": [
            {
              "name": "out",
              "path": "/nix/store/xcv9606dfdvklcw5a3a4hiwhknl69m87-killport-1.1.0",
              "default": true
            }
          ],
          "store_path": "/nix/store/xcv9606dfdvklcw5a3a4hiwhknl69m87-killport-1.1.0"
        }
      }
    },
    "lazygit@latest": {
      "last_modified": "2025-06-20T02:24:11Z",
      "resolved": "github:NixOS/nixpkgs/076e8c6678d8c54204abcb4b1b14c366835a58bb#lazygit",
      "source": "devbox-search",
      "version": "0.52.0",
      "systems": {
        "aarch64-darwin": {
          "outputs": [
            {
              "name": "out",
              "path": "/nix/store/hcw2zg6416lrvyvdk8pwia2wdm0wnlvn-lazygit-0.52.0",
              "default": true
            }
          ],
          "store_path": "/nix/store/hcw2zg6416lrvyvdk8pwia2wdm0wnlvn-lazygit-0.52.0"
        },
        "aarch64-linux": {
          "outputs": [
            {
              "name": "out",
              "path": "/nix/store/84wwdy63jcigd2im8l9xymrnxzfsfjby-lazygit-0.52.0",
              "default": true
            }
          ],
          "store_path": "/nix/store/84wwdy63jcigd2im8l9xymrnxzfsfjby-lazygit-0.52.0"
        },
        "x86_64-darwin": {
          "outputs": [
            {
              "name": "out",
              "path": "/nix/store/cd79d9q0vfjx4887h2ygf2lp5fck95im-lazygit-0.52.0",
              "default": true
            }
          ],
          "store_path": "/nix/store/cd79d9q0vfjx4887h2ygf2lp5fck95im-lazygit-0.52.0"
        },
        "x86_64-linux": {
          "outputs": [
            {
              "name": "out",
              "path": "/nix/store/xvzs98jpr8vhis4k741v3frv11yqzr3v-lazygit-0.52.0",
              "default": true
            }
          ],
          "store_path": "/nix/store/xvzs98jpr8vhis4k741v3frv11yqzr3v-lazygit-0.52.0"
        }
      }
    },
    "neovim@latest": {
      "last_modified": "2025-06-20T02:24:11Z",
      "resolved": "github:NixOS/nixpkgs/076e8c6678d8c54204abcb4b1b14c366835a58bb#neovim",
      "source": "devbox-search",
      "version": "0.11.2",
      "systems": {
        "aarch64-darwin": {
          "outputs": [
            {
              "name": "out",
              "path": "/nix/store/hgfn7jmx0ynk73nibw355r0salw8nxg2-neovim-0.11.2",
              "default": true
            }
          ],
          "store_path": "/nix/store/hgfn7jmx0ynk73nibw355r0salw8nxg2-neovim-0.11.2"
        },
        "aarch64-linux": {
          "outputs": [
            {
              "name": "out",
              "path": "/nix/store/f42fl9f8pb2rvcw612b913qq63c5pzpn-neovim-0.11.2",
              "default": true
            }
          ],
          "store_path": "/nix/store/f42fl9f8pb2rvcw612b913qq63c5pzpn-neovim-0.11.2"
        },
        "x86_64-darwin": {
          "outputs": [
            {
              "name": "out",
              "path": "/nix/store/x51igpf932qqf00y4x683h4frib1imma-neovim-0.11.2",
              "default": true
            }
          ],
          "store_path": "/nix/store/x51igpf932qqf00y4x683h4frib1imma-neovim-0.11.2"
        },
        "x86_64-linux": {
          "outputs": [
            {
              "name": "out",
              "path": "/nix/store/43jciqmw1cyyhbvyzbk4mc0f4cfwx5yf-neovim-0.11.2",
              "default": true
            }
          ],
          "store_path": "/nix/store/43jciqmw1cyyhbvyzbk4mc0f4cfwx5yf-neovim-0.11.2"
        }
      }
    },
    "nodejs@22": {
      "last_modified": "2025-06-06T01:46:53Z",
      "plugin_version": "0.0.2",
      "resolved": "github:NixOS/nixpkgs/6ad174a6dc07c7742fc64005265addf87ad08615#nodejs_22",
      "source": "devbox-search",
      "version": "22.14.0",
      "systems": {
        "aarch64-darwin": {
          "outputs": [
            {
              "name": "out",
              "path": "/nix/store/g5bv4gi6p7ryhs2hbaryxs6ivsxa6lqc-nodejs-22.14.0",
              "default": true
            },
            {
              "name": "dev",
              "path": "/nix/store/96vpirdcns8zxdwzwl7n804012lwrf1n-nodejs-22.14.0-dev"
            },
            {
              "name": "libv8",
              "path": "/nix/store/xph2837xqjnra80mqlk64xp7vb3kkqxs-nodejs-22.14.0-libv8"
            }
          ],
          "store_path": "/nix/store/g5bv4gi6p7ryhs2hbaryxs6ivsxa6lqc-nodejs-22.14.0"
        },
        "aarch64-linux": {
          "outputs": [
            {
              "name": "out",
              "path": "/nix/store/cwb781xbp70f72njqh8vhvbsf1xq87i5-nodejs-22.14.0",
              "default": true
            },
            {
              "name": "dev",
              "path": "/nix/store/0w5mql46am2qai707a42q983l44l1h9z-nodejs-22.14.0-dev"
            },
            {
              "name": "libv8",
              "path": "/nix/store/vy56lahz381ayvw3hym3wj4r4ggv7gbk-nodejs-22.14.0-libv8"
            }
          ],
          "store_path": "/nix/store/cwb781xbp70f72njqh8vhvbsf1xq87i5-nodejs-22.14.0"
        },
        "x86_64-darwin": {
          "outputs": [
            {
              "name": "out",
              "path": "/nix/store/086zjv14ipka2vbpgwil3xyvi5ml4vh3-nodejs-22.14.0",
              "default": true
            },
            {
              "name": "dev",
              "path": "/nix/store/24n01nfvy908pwzwpgsl0k4227187i7i-nodejs-22.14.0-dev"
            },
            {
              "name": "libv8",
              "path": "/nix/store/jiwk0in1wk85crn9vp03gg937gbh1s0w-nodejs-22.14.0-libv8"
            }
          ],
          "store_path": "/nix/store/086zjv14ipka2vbpgwil3xyvi5ml4vh3-nodejs-22.14.0"
        },
        "x86_64-linux": {
          "outputs": [
            {
              "name": "out",
              "path": "/nix/store/c8jxsih8yy2rnncdmx2hyraizf689nvp-nodejs-22.14.0",
              "default": true
            },
            {
              "name": "libv8",
              "path": "/nix/store/s8gnrgh9hgnbkrc1wrn21d6zvkbvm9vi-nodejs-22.14.0-libv8"
            },
            {
              "name": "dev",
              "path": "/nix/store/xw8c1c0inxq3xl1d7axz19vq8c05kjk5-nodejs-22.14.0-dev"
            }
          ],
          "store_path": "/nix/store/c8jxsih8yy2rnncdmx2hyraizf689nvp-nodejs-22.14.0"
        }
      }
    },
    "playwright@latest": {
      "last_modified": "2025-06-20T02:24:11Z",
      "resolved": "github:NixOS/nixpkgs/076e8c6678d8c54204abcb4b1b14c366835a58bb#playwright",
      "source": "devbox-search",
      "version": "1.52.0",
      "systems": {
        "aarch64-darwin": {
          "outputs": [
            {
              "name": "out",
              "path": "/nix/store/s90wc3q5qy7my55pg9p7nz6hkmsq577c-playwright-core-1.52.0",
              "default": true
            }
          ],
          "store_path": "/nix/store/s90wc3q5qy7my55pg9p7nz6hkmsq577c-playwright-core-1.52.0"
        },
        "aarch64-linux": {
          "outputs": [
            {
              "name": "out",
              "path": "/nix/store/dqkxl9ykmrv095cv2sm3bzslphm1mvn5-playwright-core-1.52.0",
              "default": true
            }
          ],
          "store_path": "/nix/store/dqkxl9ykmrv095cv2sm3bzslphm1mvn5-playwright-core-1.52.0"
        },
        "x86_64-darwin": {
          "outputs": [
            {
              "name": "out",
              "path": "/nix/store/v88am1w1bckpgdn79rj8kyffmvg7xjm9-playwright-core-1.52.0",
              "default": true
            }
          ],
          "store_path": "/nix/store/v88am1w1bckpgdn79rj8kyffmvg7xjm9-playwright-core-1.52.0"
        },
        "x86_64-linux": {
          "outputs": [
            {
              "name": "out",
              "path": "/nix/store/qhm5mhzyqdk54k9yyjk1wl16y80gwkc0-playwright-core-1.52.0",
              "default": true
            }
          ],
          "store_path": "/nix/store/qhm5mhzyqdk54k9yyjk1wl16y80gwkc0-playwright-core-1.52.0"
        }
      }
    },
    "ripgrep@latest": {
      "last_modified": "2025-06-20T02:24:11Z",
      "resolved": "github:NixOS/nixpkgs/076e8c6678d8c54204abcb4b1b14c366835a58bb#ripgrep",
      "source": "devbox-search",
      "version": "14.1.1",
      "systems": {
        "aarch64-darwin": {
          "outputs": [
            {
              "name": "out",
              "path": "/nix/store/xygyyr4jqazmdmqf9x5pqkxnkcp9w0h8-ripgrep-14.1.1",
              "default": true
            }
          ],
          "store_path": "/nix/store/xygyyr4jqazmdmqf9x5pqkxnkcp9w0h8-ripgrep-14.1.1"
        },
        "aarch64-linux": {
          "outputs": [
            {
              "name": "out",
              "path": "/nix/store/7sbb7svbf8i6ffyyygn8siak2mbync0l-ripgrep-14.1.1",
              "default": true
            }
          ],
          "store_path": "/nix/store/7sbb7svbf8i6ffyyygn8siak2mbync0l-ripgrep-14.1.1"
        },
        "x86_64-darwin": {
          "outputs": [
            {
              "name": "out",
              "path": "/nix/store/p1avxlcrjpk93mfbzbkbwgcgxyj0avlc-ripgrep-14.1.1",
              "default": true
            }
          ],
          "store_path": "/nix/store/p1avxlcrjpk93mfbzbkbwgcgxyj0avlc-ripgrep-14.1.1"
        },
        "x86_64-linux": {
          "outputs": [
            {
              "name": "out",
              "path": "/nix/store/w2m5zrz3sla0bz1fmq2z9r2p0jbz4n9j-ripgrep-14.1.1",
              "default": true
            }
          ],
          "store_path": "/nix/store/w2m5zrz3sla0bz1fmq2z9r2p0jbz4n9j-ripgrep-14.1.1"
        }
      }
    },
    "tailwindcss@latest": {
      "last_modified": "2025-06-20T02:24:11Z",
      "resolved": "github:NixOS/nixpkgs/076e8c6678d8c54204abcb4b1b14c366835a58bb#tailwindcss",
      "source": "devbox-search",
      "version": "3.4.17",
      "systems": {
        "aarch64-darwin": {
          "outputs": [
            {
              "name": "out",
              "path": "/nix/store/si70ddxv8qldvgmb8dqb98983ifakmwv-tailwindcss_3-3.4.17",
              "default": true
            }
          ],
          "store_path": "/nix/store/si70ddxv8qldvgmb8dqb98983ifakmwv-tailwindcss_3-3.4.17"
        },
        "aarch64-linux": {
          "outputs": [
            {
              "name": "out",
              "path": "/nix/store/ax1lzqh7blvsjv1vq8zypnnh7417vxk5-tailwindcss_3-3.4.17",
              "default": true
            }
          ],
          "store_path": "/nix/store/ax1lzqh7blvsjv1vq8zypnnh7417vxk5-tailwindcss_3-3.4.17"
        },
        "x86_64-darwin": {
          "outputs": [
            {
              "name": "out",
              "path": "/nix/store/gw2j2x2s0x0z1di7k17aavrqid22671i-tailwindcss_3-3.4.17",
              "default": true
            }
          ],
          "store_path": "/nix/store/gw2j2x2s0x0z1di7k17aavrqid22671i-tailwindcss_3-3.4.17"
        },
        "x86_64-linux": {
          "outputs": [
            {
              "name": "out",
              "path": "/nix/store/22c7cig62mv3q9y04xfxfh04slvcsi9p-tailwindcss_3-3.4.17",
              "default": true
            }
          ],
          "store_path": "/nix/store/22c7cig62mv3q9y04xfxfh04slvcsi9p-tailwindcss_3-3.4.17"
        }
      }
    },
    "tmux@latest": {
      "last_modified": "2024-09-28T11:58:19Z",
      "resolved": "github:NixOS/nixpkgs/b5b2fecd0cadd82ef107c9583018f381ae70f222#tmux",
      "source": "devbox-search",
      "version": "3.5",
      "systems": {
        "aarch64-darwin": {
          "outputs": [
            {
              "name": "out",
              "path": "/nix/store/hb9rmacsyjn2jbkfl12ax66qj9z86w8l-tmux-3.5",
              "default": true
            },
            {
              "name": "man",
              "path": "/nix/store/fzmxcplr3rqr0vm642fyschn4n43q43p-tmux-3.5-man",
              "default": true
            }
          ],
          "store_path": "/nix/store/hb9rmacsyjn2jbkfl12ax66qj9z86w8l-tmux-3.5"
        },
        "aarch64-linux": {
          "outputs": [
            {
              "name": "out",
              "path": "/nix/store/02sk9lggxfn3l59fk4zcyz5mr2li0zk9-tmux-3.5",
              "default": true
            },
            {
              "name": "man",
              "path": "/nix/store/mhsiwx0famlrp02d0lkiwdjiad5kc0qi-tmux-3.5-man",
              "default": true
            }
          ],
          "store_path": "/nix/store/02sk9lggxfn3l59fk4zcyz5mr2li0zk9-tmux-3.5"
        },
        "x86_64-darwin": {
          "outputs": [
            {
              "name": "out",
              "path": "/nix/store/ssaxd12iqz2mzacm782jpmyhdwydd4ra-tmux-3.5",
              "default": true
            },
            {
              "name": "man",
              "path": "/nix/store/zwsa51g32xdfpk9q2lpvvbrixf6jzhp3-tmux-3.5-man",
              "default": true
            }
          ],
          "store_path": "/nix/store/ssaxd12iqz2mzacm782jpmyhdwydd4ra-tmux-3.5"
        },
        "x86_64-linux": {
          "outputs": [
            {
              "name": "out",
              "path": "/nix/store/ci8crawb4cqjlqsmvbr9q27hpc16pbf9-tmux-3.5",
              "default": true
            },
            {
              "name": "man",
              "path": "/nix/store/ld4q0lkfk2vkh4jj6ql01j0qyb2g8qlj-tmux-3.5-man",
              "default": true
            }
          ],
          "store_path": "/nix/store/ci8crawb4cqjlqsmvbr9q27hpc16pbf9-tmux-3.5"
        }
      }
    },
    "tmuxinator@latest": {
      "last_modified": "2025-06-20T02:24:11Z",
      "resolved": "github:NixOS/nixpkgs/076e8c6678d8c54204abcb4b1b14c366835a58bb#tmuxinator",
      "source": "devbox-search",
      "version": "3.3.3",
      "systems": {
        "aarch64-darwin": {
          "outputs": [
            {
              "name": "out",
              "path": "/nix/store/k7jd0mwhak4z69jk91mplnm6is7rpam0-tmuxinator-3.3.3",
              "default": true
            }
          ],
          "store_path": "/nix/store/k7jd0mwhak4z69jk91mplnm6is7rpam0-tmuxinator-3.3.3"
        },
        "aarch64-linux": {
          "outputs": [
            {
              "name": "out",
              "path": "/nix/store/xfhklzg7zwb3wqv23d98w7kqka6rg7jx-tmuxinator-3.3.3",
              "default": true
            }
          ],
          "store_path": "/nix/store/xfhklzg7zwb3wqv23d98w7kqka6rg7jx-tmuxinator-3.3.3"
        },
        "x86_64-darwin": {
          "outputs": [
            {
              "name": "out",
              "path": "/nix/store/56c8w1kafpdgpgny6p1vk3fir4cccvap-tmuxinator-3.3.3",
              "default": true
            }
          ],
          "store_path": "/nix/store/56c8w1kafpdgpgny6p1vk3fir4cccvap-tmuxinator-3.3.3"
        },
        "x86_64-linux": {
          "outputs": [
            {
              "name": "out",
              "path": "/nix/store/f8ffi0gq7y5dn0src69x1i90nr1q4jq0-tmuxinator-3.3.3",
              "default": true
            }
          ],
          "store_path": "/nix/store/f8ffi0gq7y5dn0src69x1i90nr1q4jq0-tmuxinator-3.3.3"
        }
      }
    }
  }
}
